# This file is automatically @generated by Poetry 1.5.1 and should not be changed by hand.

[[package]]
name = "attrs"
version = "23.1.0"
description = "Classes Without Boilerplate"
optional = false
python-versions = ">=3.7"
files = [
    {file = "attrs-23.1.0-py3-none-any.whl", hash = "sha256:1f28b4522cdc2fb4256ac1a020c78acf9cba2c6b461ccd2c126f3aa8e8335d04"},
    {file = "attrs-23.1.0.tar.gz", hash = "sha256:6279836d581513a26f1bf235f9acd333bc9115683f14f7e8fae46c98fc50e015"},
]

[package.extras]
cov = ["attrs[tests]", "coverage[toml] (>=5.3)"]
dev = ["attrs[docs,tests]", "pre-commit"]
docs = ["furo", "myst-parser", "sphinx", "sphinx-notfound-page", "sphinxcontrib-towncrier", "towncrier", "zope-interface"]
tests = ["attrs[tests-no-zope]", "zope-interface"]
tests-no-zope = ["cloudpickle", "hypothesis", "mypy (>=1.1.1)", "pympler", "pytest (>=4.3.0)", "pytest-mypy-plugins", "pytest-xdist[psutil]"]

[[package]]
name = "biopython"
version = "1.81"
description = "Freely available tools for computational molecular biology."
optional = false
python-versions = ">=3.7"
files = [
    {file = "biopython-1.81-cp310-cp310-macosx_10_9_x86_64.whl", hash = "sha256:ef7c79b65b0b3f3c7dc59e20a7f8ae5758d8e852cb8b9cace590dc5617e348ba"},
    {file = "biopython-1.81-cp310-cp310-manylinux_2_17_x86_64.manylinux2014_x86_64.whl", hash = "sha256:6ebfbce0d91796c7aef422ee9dffe8827e07e5abaa94545e006f1f20e965c80b"},
    {file = "biopython-1.81-cp310-cp310-win32.whl", hash = "sha256:919a2c583cabf9c96d2ae4e1245a6b0376932fb342aca302a0fc198b71ab3275"},
    {file = "biopython-1.81-cp310-cp310-win_amd64.whl", hash = "sha256:b37c0d24191e5c96ca02415a5188551980c83a0d518bbc4ffe3c9a5d1fe0ee81"},
    {file = "biopython-1.81-cp311-cp311-macosx_10_9_x86_64.whl", hash = "sha256:7a168709694e10b338718c18d967edd5b56c237dc88642c22275796007a70000"},
    {file = "biopython-1.81-cp311-cp311-manylinux_2_17_x86_64.manylinux2014_x86_64.whl", hash = "sha256:a51d9c1d1b4b634447535da74a644fae59bc234fbbf9001e2dc6b6fbabb98019"},
    {file = "biopython-1.81-cp311-cp311-win32.whl", hash = "sha256:2f9cfaf16d55ab80d514e7aebe5710dabe4e4ff47ede851031202e33b3249da3"},
    {file = "biopython-1.81-cp311-cp311-win_amd64.whl", hash = "sha256:e41b55edcfd448630e77bf4de66a7235324a8a149621499891da6bd1d5085b9a"},
    {file = "biopython-1.81-cp37-cp37m-macosx_10_9_x86_64.whl", hash = "sha256:3b36ba1bf6395c09a365c53530c9d71f3617763fa2c1d452b3d8948368c0f1de"},
    {file = "biopython-1.81-cp37-cp37m-manylinux_2_17_x86_64.manylinux2014_x86_64.whl", hash = "sha256:7c5c07123ff5f44c9e6b5369df854a38afd3c0c50ef58498a0ae8f7eb799f3e8"},
    {file = "biopython-1.81-cp37-cp37m-manylinux_2_5_i686.manylinux1_i686.manylinux_2_17_i686.manylinux2014_i686.whl", hash = "sha256:97cbdbed01b2512471f36c74b91658d1dfbdcbf39bc038f6ce5a41c3e60a8fc6"},
    {file = "biopython-1.81-cp37-cp37m-win32.whl", hash = "sha256:35506e39822c52d11cf09a3951e82375ca1bb9303960b4286acf02c9a6f6c4cc"},
    {file = "biopython-1.81-cp37-cp37m-win_amd64.whl", hash = "sha256:793c42a376cd63f62f8a088ce39b7dc6b5c55e4e9031d887c434de1595bfa4b8"},
    {file = "biopython-1.81-cp38-cp38-macosx_10_9_x86_64.whl", hash = "sha256:11d673698b3d0d6589292ea951fb62cb24ea27d273eca0d08dbbd956690f97f5"},
    {file = "biopython-1.81-cp38-cp38-manylinux_2_17_x86_64.manylinux2014_x86_64.whl", hash = "sha256:655df416936662c0c8a06a549cb25e1560e1fea5067d850f34fb714b8a3fae6c"},
    {file = "biopython-1.81-cp38-cp38-manylinux_2_5_i686.manylinux1_i686.manylinux_2_17_i686.manylinux2014_i686.whl", hash = "sha256:762c6c43a8486b5fcd07f136a3217b87d24755618b9ea9da1f17124ff44c2ad6"},
    {file = "biopython-1.81-cp38-cp38-win32.whl", hash = "sha256:ee51bb1cd7decffd24da6b76d5e01b7e2fd818ab85cf0c180226cbb5793a3abd"},
    {file = "biopython-1.81-cp38-cp38-win_amd64.whl", hash = "sha256:ccd729249fd5f586dd4c2a3507c2ea2456825d7e615e97c07c409c850eaf4594"},
    {file = "biopython-1.81-cp39-cp39-macosx_10_9_x86_64.whl", hash = "sha256:9ba33244f0eff830beaa7240065bdb5095d96fded6599b76bbb9ddab45cd2bbd"},
    {file = "biopython-1.81-cp39-cp39-manylinux_2_17_x86_64.manylinux2014_x86_64.whl", hash = "sha256:8bb0c690c7368f255ed45236bf0f5464b476b8c083c8f634533921af78278261"},
    {file = "biopython-1.81-cp39-cp39-manylinux_2_5_i686.manylinux1_i686.manylinux_2_17_i686.manylinux2014_i686.whl", hash = "sha256:65b93b513ce9dd7b2ce058720eadf42cd03f312db3409356efeb93123d1320aa"},
    {file = "biopython-1.81-cp39-cp39-win32.whl", hash = "sha256:811796f8d222aa3869a50e31e54ce62b69106b47cd8bb06934867c0d843297b5"},
    {file = "biopython-1.81-cp39-cp39-win_amd64.whl", hash = "sha256:b09efcb4733c8770f25eab5fe555a96a08f5ab9e1bc36939e08ebf2ffbf3e0f1"},
    {file = "biopython-1.81.tar.gz", hash = "sha256:2cf38112b6d8415ad39d6a611988cd11fb5f33eb09346666a87263beba9614e0"},
]

[package.dependencies]
numpy = "*"

[[package]]
name = "click"
version = "8.1.7"
description = "Composable command line interface toolkit"
optional = false
python-versions = ">=3.7"
files = [
    {file = "click-8.1.7-py3-none-any.whl", hash = "sha256:ae74fb96c20a0277a1d615f1e4d73c8414f5a98db8b799a7931d1582f3390c28"},
    {file = "click-8.1.7.tar.gz", hash = "sha256:ca9853ad459e787e2192211578cc907e7594e294c7ccc834310722b41b9ca6de"},
]

[package.dependencies]
colorama = {version = "*", markers = "platform_system == \"Windows\""}

[[package]]
name = "colorama"
version = "0.4.6"
description = "Cross-platform colored terminal text."
optional = false
python-versions = "!=3.0.*,!=3.1.*,!=3.2.*,!=3.3.*,!=3.4.*,!=3.5.*,!=3.6.*,>=2.7"
files = [
    {file = "colorama-0.4.6-py2.py3-none-any.whl", hash = "sha256:4f1d9991f5acc0ca119f9d443620b77f9d6b33703e51011c16baf57afb285fc6"},
    {file = "colorama-0.4.6.tar.gz", hash = "sha256:08695f5cb7ed6e0531a20572697297273c47b8cae5a63ffc6d6ed5c201be6e44"},
]

[[package]]
name = "exceptiongroup"
version = "1.1.3"
description = "Backport of PEP 654 (exception groups)"
optional = false
python-versions = ">=3.7"
files = [
    {file = "exceptiongroup-1.1.3-py3-none-any.whl", hash = "sha256:343280667a4585d195ca1cf9cef84a4e178c4b6cf2274caef9859782b567d5e3"},
    {file = "exceptiongroup-1.1.3.tar.gz", hash = "sha256:097acd85d473d75af5bb98e41b61ff7fe35efe6675e4f9370ec6ec5126d160e9"},
]

[package.extras]
test = ["pytest (>=6)"]

[[package]]
name = "future-typing"
version = "0.4.1"
description = "Use generic type hints and new union syntax `|` with python 3.6+"
optional = false
python-versions = ">=3.6"
files = [
    {file = "future_typing-0.4.1-py3-none-any.whl", hash = "sha256:af19e06b7fe6fdfb8d83c265a2688cba9ac74b0a6a2dac14c268910ecd14ac8d"},
    {file = "future_typing-0.4.1.tar.gz", hash = "sha256:65fdc5034a95db212790fee5e977fb0a2df8deb60dccf3bac17d6d2b1a9bbacd"},
]

[package.extras]
dev = ["pre-commit (==2.12.1)"]
test = ["black (==21.5b1)", "flake8 (==3.9.2)", "isort (==5.8.0)", "mypy (==0.812)", "pytest (==6.2.4)", "pytest-cov (==2.11.1)", "typing-extensions (==3.10.0.0)"]

[[package]]
name = "h5py"
version = "3.9.0"
description = "Read and write HDF5 files from Python"
optional = false
python-versions = ">=3.8"
files = [
    {file = "h5py-3.9.0-cp310-cp310-macosx_10_9_x86_64.whl", hash = "sha256:eb7bdd5e601dd1739698af383be03f3dad0465fe67184ebd5afca770f50df9d6"},
    {file = "h5py-3.9.0-cp310-cp310-macosx_11_0_arm64.whl", hash = "sha256:78e44686334cbbf2dd21d9df15823bc38663f27a3061f6a032c68a3e30c47bf7"},
    {file = "h5py-3.9.0-cp310-cp310-manylinux_2_17_aarch64.manylinux2014_aarch64.whl", hash = "sha256:f68b41efd110ce9af1cbe6fa8af9f4dcbadace6db972d30828b911949e28fadd"},
    {file = "h5py-3.9.0-cp310-cp310-manylinux_2_17_x86_64.manylinux2014_x86_64.whl", hash = "sha256:12aa556d540f11a2cae53ea7cfb94017353bd271fb3962e1296b342f6550d1b8"},
    {file = "h5py-3.9.0-cp310-cp310-win_amd64.whl", hash = "sha256:d97409e17915798029e297a84124705c8080da901307ea58f29234e09b073ddc"},
    {file = "h5py-3.9.0-cp311-cp311-macosx_10_9_x86_64.whl", hash = "sha256:551e358db05a874a0f827b22e95b30092f2303edc4b91bb62ad2f10e0236e1a0"},
    {file = "h5py-3.9.0-cp311-cp311-macosx_11_0_arm64.whl", hash = "sha256:6822a814b9d8b8363ff102f76ea8d026f0ca25850bb579d85376029ee3e73b93"},
    {file = "h5py-3.9.0-cp311-cp311-manylinux_2_17_aarch64.manylinux2014_aarch64.whl", hash = "sha256:54f01202cdea754ab4227dd27014bdbd561a4bbe4b631424fd812f7c2ce9c6ac"},
    {file = "h5py-3.9.0-cp311-cp311-manylinux_2_17_x86_64.manylinux2014_x86_64.whl", hash = "sha256:64acceaf6aff92af091a4b83f6dee3cf8d3061f924a6bb3a33eb6c4658a8348b"},
    {file = "h5py-3.9.0-cp311-cp311-win_amd64.whl", hash = "sha256:804c7fb42a34c8ab3a3001901c977a5c24d2e9c586a0f3e7c0a389130b4276fc"},
    {file = "h5py-3.9.0-cp38-cp38-macosx_10_9_x86_64.whl", hash = "sha256:8d9492391ff5c3c80ec30ae2fe82a3f0efd1e750833739c25b0d090e3be1b095"},
    {file = "h5py-3.9.0-cp38-cp38-macosx_11_0_arm64.whl", hash = "sha256:9da9e7e63376c32704e37ad4cea2dceae6964cee0d8515185b3ab9cbd6b947bc"},
    {file = "h5py-3.9.0-cp38-cp38-manylinux_2_17_aarch64.manylinux2014_aarch64.whl", hash = "sha256:a4e20897c88759cbcbd38fb45b507adc91af3e0f67722aa302d71f02dd44d286"},
    {file = "h5py-3.9.0-cp38-cp38-manylinux_2_17_x86_64.manylinux2014_x86_64.whl", hash = "sha256:dbf5225543ca35ce9f61c950b73899a82be7ba60d58340e76d0bd42bf659235a"},
    {file = "h5py-3.9.0-cp38-cp38-win_amd64.whl", hash = "sha256:36408f8c62f50007d14e000f9f3acf77e103b9e932c114cbe52a3089e50ebf94"},
    {file = "h5py-3.9.0-cp39-cp39-macosx_10_9_x86_64.whl", hash = "sha256:23e74b878bbe1653ab34ca49b83cac85529cd0b36b9d625516c5830cc5ca2eac"},
    {file = "h5py-3.9.0-cp39-cp39-macosx_11_0_arm64.whl", hash = "sha256:3f457089c5d524b7998e3649bc63240679b8fb0a3859ea53bbb06841f3d755f1"},
    {file = "h5py-3.9.0-cp39-cp39-manylinux_2_17_aarch64.manylinux2014_aarch64.whl", hash = "sha256:a6284061f3214335e1eec883a6ee497dbe7a79f19e6a57fed2dd1f03acd5a8cb"},
    {file = "h5py-3.9.0-cp39-cp39-manylinux_2_17_x86_64.manylinux2014_x86_64.whl", hash = "sha256:95f7a745efd0d56076999b52e8da5fad5d30823bac98b59c68ae75588d09991a"},
    {file = "h5py-3.9.0-cp39-cp39-win_amd64.whl", hash = "sha256:79bbca34696c6f9eeeb36a91776070c49a060b2879828e2c8fa6c58b8ed10dd1"},
    {file = "h5py-3.9.0.tar.gz", hash = "sha256:e604db6521c1e367c6bd7fad239c847f53cc46646f2d2651372d05ae5e95f817"},
]

[package.dependencies]
numpy = ">=1.17.3"

[[package]]
name = "iniconfig"
version = "2.0.0"
description = "brain-dead simple config-ini parsing"
optional = false
python-versions = ">=3.7"
files = [
    {file = "iniconfig-2.0.0-py3-none-any.whl", hash = "sha256:b6a85871a79d2e3b22d2d1b94ac2824226a63c6b741c88f7ae975f18b6778374"},
    {file = "iniconfig-2.0.0.tar.gz", hash = "sha256:2d91e135bf72d31a410b17c16da610a82cb55f6b0477d1a902134b24a455b8b3"},
]

[[package]]
name = "markdown-it-py"
version = "3.0.0"
description = "Python port of markdown-it. Markdown parsing, done right!"
optional = false
python-versions = ">=3.8"
files = [
    {file = "markdown-it-py-3.0.0.tar.gz", hash = "sha256:e3f60a94fa066dc52ec76661e37c851cb232d92f9886b15cb560aaada2df8feb"},
    {file = "markdown_it_py-3.0.0-py3-none-any.whl", hash = "sha256:355216845c60bd96232cd8d8c40e8f9765cc86f46880e43a8fd22dc1a1a8cab1"},
]

[package.dependencies]
mdurl = ">=0.1,<1.0"

[package.extras]
benchmarking = ["psutil", "pytest", "pytest-benchmark"]
code-style = ["pre-commit (>=3.0,<4.0)"]
compare = ["commonmark (>=0.9,<1.0)", "markdown (>=3.4,<4.0)", "mistletoe (>=1.0,<2.0)", "mistune (>=2.0,<3.0)", "panflute (>=2.3,<3.0)"]
linkify = ["linkify-it-py (>=1,<3)"]
plugins = ["mdit-py-plugins"]
profiling = ["gprof2dot"]
rtd = ["jupyter_sphinx", "mdit-py-plugins", "myst-parser", "pyyaml", "sphinx", "sphinx-copybutton", "sphinx-design", "sphinx_book_theme"]
testing = ["coverage", "pytest", "pytest-cov", "pytest-regressions"]

[[package]]
name = "mdurl"
version = "0.1.2"
description = "Markdown URL utilities"
optional = false
python-versions = ">=3.7"
files = [
    {file = "mdurl-0.1.2-py3-none-any.whl", hash = "sha256:84008a41e51615a49fc9966191ff91509e3c40b939176e643fd50a5c2196b8f8"},
    {file = "mdurl-0.1.2.tar.gz", hash = "sha256:bb413d29f5eea38f31dd4754dd7377d4465116fb207585f97bf925588687c1ba"},
]

[[package]]
name = "numpy"
version = "1.25.2"
description = "Fundamental package for array computing in Python"
optional = false
python-versions = ">=3.9"
files = [
    {file = "numpy-1.25.2-cp310-cp310-macosx_10_9_x86_64.whl", hash = "sha256:db3ccc4e37a6873045580d413fe79b68e47a681af8db2e046f1dacfa11f86eb3"},
    {file = "numpy-1.25.2-cp310-cp310-macosx_11_0_arm64.whl", hash = "sha256:90319e4f002795ccfc9050110bbbaa16c944b1c37c0baeea43c5fb881693ae1f"},
    {file = "numpy-1.25.2-cp310-cp310-manylinux_2_17_aarch64.manylinux2014_aarch64.whl", hash = "sha256:dfe4a913e29b418d096e696ddd422d8a5d13ffba4ea91f9f60440a3b759b0187"},
    {file = "numpy-1.25.2-cp310-cp310-manylinux_2_17_x86_64.manylinux2014_x86_64.whl", hash = "sha256:f08f2e037bba04e707eebf4bc934f1972a315c883a9e0ebfa8a7756eabf9e357"},
    {file = "numpy-1.25.2-cp310-cp310-musllinux_1_1_x86_64.whl", hash = "sha256:bec1e7213c7cb00d67093247f8c4db156fd03075f49876957dca4711306d39c9"},
    {file = "numpy-1.25.2-cp310-cp310-win32.whl", hash = "sha256:7dc869c0c75988e1c693d0e2d5b26034644399dd929bc049db55395b1379e044"},
    {file = "numpy-1.25.2-cp310-cp310-win_amd64.whl", hash = "sha256:834b386f2b8210dca38c71a6e0f4fd6922f7d3fcff935dbe3a570945acb1b545"},
    {file = "numpy-1.25.2-cp311-cp311-macosx_10_9_x86_64.whl", hash = "sha256:c5462d19336db4560041517dbb7759c21d181a67cb01b36ca109b2ae37d32418"},
    {file = "numpy-1.25.2-cp311-cp311-macosx_11_0_arm64.whl", hash = "sha256:c5652ea24d33585ea39eb6a6a15dac87a1206a692719ff45d53c5282e66d4a8f"},
    {file = "numpy-1.25.2-cp311-cp311-manylinux_2_17_aarch64.manylinux2014_aarch64.whl", hash = "sha256:0d60fbae8e0019865fc4784745814cff1c421df5afee233db6d88ab4f14655a2"},
    {file = "numpy-1.25.2-cp311-cp311-manylinux_2_17_x86_64.manylinux2014_x86_64.whl", hash = "sha256:60e7f0f7f6d0eee8364b9a6304c2845b9c491ac706048c7e8cf47b83123b8dbf"},
    {file = "numpy-1.25.2-cp311-cp311-musllinux_1_1_x86_64.whl", hash = "sha256:bb33d5a1cf360304754913a350edda36d5b8c5331a8237268c48f91253c3a364"},
    {file = "numpy-1.25.2-cp311-cp311-win32.whl", hash = "sha256:5883c06bb92f2e6c8181df7b39971a5fb436288db58b5a1c3967702d4278691d"},
    {file = "numpy-1.25.2-cp311-cp311-win_amd64.whl", hash = "sha256:5c97325a0ba6f9d041feb9390924614b60b99209a71a69c876f71052521d42a4"},
    {file = "numpy-1.25.2-cp39-cp39-macosx_10_9_x86_64.whl", hash = "sha256:b79e513d7aac42ae918db3ad1341a015488530d0bb2a6abcbdd10a3a829ccfd3"},
    {file = "numpy-1.25.2-cp39-cp39-macosx_11_0_arm64.whl", hash = "sha256:eb942bfb6f84df5ce05dbf4b46673ffed0d3da59f13635ea9b926af3deb76926"},
    {file = "numpy-1.25.2-cp39-cp39-manylinux_2_17_aarch64.manylinux2014_aarch64.whl", hash = "sha256:3e0746410e73384e70d286f93abf2520035250aad8c5714240b0492a7302fdca"},
    {file = "numpy-1.25.2-cp39-cp39-manylinux_2_17_x86_64.manylinux2014_x86_64.whl", hash = "sha256:d7806500e4f5bdd04095e849265e55de20d8cc4b661b038957354327f6d9b295"},
    {file = "numpy-1.25.2-cp39-cp39-musllinux_1_1_x86_64.whl", hash = "sha256:8b77775f4b7df768967a7c8b3567e309f617dd5e99aeb886fa14dc1a0791141f"},
    {file = "numpy-1.25.2-cp39-cp39-win32.whl", hash = "sha256:2792d23d62ec51e50ce4d4b7d73de8f67a2fd3ea710dcbc8563a51a03fb07b01"},
    {file = "numpy-1.25.2-cp39-cp39-win_amd64.whl", hash = "sha256:76b4115d42a7dfc5d485d358728cdd8719be33cc5ec6ec08632a5d6fca2ed380"},
    {file = "numpy-1.25.2-pp39-pypy39_pp73-macosx_10_9_x86_64.whl", hash = "sha256:1a1329e26f46230bf77b02cc19e900db9b52f398d6722ca853349a782d4cff55"},
    {file = "numpy-1.25.2-pp39-pypy39_pp73-manylinux_2_17_x86_64.manylinux2014_x86_64.whl", hash = "sha256:4c3abc71e8b6edba80a01a52e66d83c5d14433cbcd26a40c329ec7ed09f37901"},
    {file = "numpy-1.25.2-pp39-pypy39_pp73-win_amd64.whl", hash = "sha256:1b9735c27cea5d995496f46a8b1cd7b408b3f34b6d50459d9ac8fe3a20cc17bf"},
    {file = "numpy-1.25.2.tar.gz", hash = "sha256:fd608e19c8d7c55021dffd43bfe5492fab8cc105cc8986f813f8c3c048b38760"},
]

[[package]]
name = "packaging"
version = "23.1"
description = "Core utilities for Python packages"
optional = false
python-versions = ">=3.7"
files = [
    {file = "packaging-23.1-py3-none-any.whl", hash = "sha256:994793af429502c4ea2ebf6bf664629d07c1a9fe974af92966e4b8d2df7edc61"},
    {file = "packaging-23.1.tar.gz", hash = "sha256:a392980d2b6cffa644431898be54b0045151319d1e7ec34f0cfed48767dd334f"},
]

[[package]]
name = "pluggy"
version = "1.3.0"
description = "plugin and hook calling mechanisms for python"
optional = false
python-versions = ">=3.8"
files = [
    {file = "pluggy-1.3.0-py3-none-any.whl", hash = "sha256:d89c696a773f8bd377d18e5ecda92b7a3793cbe66c87060a6fb58c7b6e1061f7"},
    {file = "pluggy-1.3.0.tar.gz", hash = "sha256:cf61ae8f126ac6f7c451172cf30e3e43d3ca77615509771b3a984a0730651e12"},
]

[package.extras]
dev = ["pre-commit", "tox"]
testing = ["pytest", "pytest-benchmark"]

[[package]]
name = "pyfastx"
version = "1.1.0"
description = "pyfastx is a python module for fast random access to sequences from plain and gzipped FASTA/Q file"
optional = false
python-versions = "*"
files = [
    {file = "pyfastx-1.1.0-cp310-cp310-macosx_10_9_universal2.whl", hash = "sha256:6ee355ebe6e3972fea86be8ad738c5a788c2049911a314393018786621dda343"},
    {file = "pyfastx-1.1.0-cp310-cp310-macosx_10_9_x86_64.whl", hash = "sha256:23c15bbb1e7e895917b88c1bbd0d0ba018f2f25d6ced6da654d479b51ffa17d3"},
    {file = "pyfastx-1.1.0-cp310-cp310-macosx_11_0_arm64.whl", hash = "sha256:ef84aa7cc9de81f50903a0ff02c06cbe36232b1c303d001d825c40d2058b0e04"},
    {file = "pyfastx-1.1.0-cp310-cp310-manylinux_2_17_aarch64.manylinux2014_aarch64.whl", hash = "sha256:6e5cc2ddb360c6ea5780a068b1ce991b02637fa3873805c71fc42142815082d6"},
    {file = "pyfastx-1.1.0-cp310-cp310-manylinux_2_17_i686.manylinux2014_i686.whl", hash = "sha256:b1670b3a78af53b5617276bca2f22819d470d09a628c6cebb48f9d2b88d2c1a7"},
    {file = "pyfastx-1.1.0-cp310-cp310-manylinux_2_17_x86_64.manylinux2014_x86_64.whl", hash = "sha256:074d1909db71e39f7b80d32992415ad0ffccc1e84310dcb2c90320e61b8761f7"},
    {file = "pyfastx-1.1.0-cp310-cp310-musllinux_1_1_aarch64.whl", hash = "sha256:8b713757c6a192cda4f1b3fe4ba3951c605b11f8d109a3cd103c30938869333e"},
    {file = "pyfastx-1.1.0-cp310-cp310-musllinux_1_1_i686.whl", hash = "sha256:4513ed143a497516a73fedf2daef19d4c71c8fc612586d69a4a8f6589ebc84e0"},
    {file = "pyfastx-1.1.0-cp310-cp310-musllinux_1_1_x86_64.whl", hash = "sha256:048fa5aaa0b42883876377ed8c32c8bc4aa4e91bda7363a221dc3e39b27cdc8a"},
    {file = "pyfastx-1.1.0-cp310-cp310-win32.whl", hash = "sha256:480668f90904a233323941dd271c54c7eebe31051b42d4232a69740d28684cd4"},
    {file = "pyfastx-1.1.0-cp310-cp310-win_amd64.whl", hash = "sha256:6f634bacb55a80592199e252ac9330fd5aae94e65d6da9333dee000a0ed0b256"},
    {file = "pyfastx-1.1.0-cp311-cp311-macosx_10_9_universal2.whl", hash = "sha256:8d9ede904b08ab1c9006bded45089a570905b32485de9cf181fb7509af4031df"},
    {file = "pyfastx-1.1.0-cp311-cp311-macosx_10_9_x86_64.whl", hash = "sha256:e3056d53349080387ba4d33956344608557a628a1b76df011308041ce0b480ae"},
    {file = "pyfastx-1.1.0-cp311-cp311-macosx_11_0_arm64.whl", hash = "sha256:9f685bd1df47385731c51a8f90bd25be5bc51d9e448387cc7607341b00b2d203"},
    {file = "pyfastx-1.1.0-cp311-cp311-manylinux_2_17_aarch64.manylinux2014_aarch64.whl", hash = "sha256:a4cc1e7cf390450766fcdd0b9420abbe8680240b76273f7535850159c51a412f"},
    {file = "pyfastx-1.1.0-cp311-cp311-manylinux_2_17_i686.manylinux2014_i686.whl", hash = "sha256:bb9cfe865d87930211d9692569dbaa698e052adfa9295fb7e09beed3909a1ee1"},
    {file = "pyfastx-1.1.0-cp311-cp311-manylinux_2_17_x86_64.manylinux2014_x86_64.whl", hash = "sha256:d1196758ee4e2ace8c1e9ac4361ab4f79f00428f77f80f16d1e7a9b5f34f251d"},
    {file = "pyfastx-1.1.0-cp311-cp311-musllinux_1_1_aarch64.whl", hash = "sha256:b202b86b94265d07c60c8c55b63359e7c58767b9046306e905e5252373efab2c"},
    {file = "pyfastx-1.1.0-cp311-cp311-musllinux_1_1_i686.whl", hash = "sha256:7f0234cdfd353990027baf3a1f48523efe0a142b1d45cf6df1cd120830bc1a4a"},
    {file = "pyfastx-1.1.0-cp311-cp311-musllinux_1_1_x86_64.whl", hash = "sha256:61b374f8f81c01e4bed1fedc03a95c70b9a16bb945fa55a09f9334714c2faa44"},
    {file = "pyfastx-1.1.0-cp311-cp311-win32.whl", hash = "sha256:db0f739c1c2e86a7de805991951fc51b1cfeb563a8ce00d710cf28422b2fcc44"},
    {file = "pyfastx-1.1.0-cp311-cp311-win_amd64.whl", hash = "sha256:292f2572376a1ab1e6dd0617166eb495a0d2f0d8e7548715833ad4aabca8b0e1"},
    {file = "pyfastx-1.1.0-cp36-cp36m-macosx_10_9_x86_64.whl", hash = "sha256:66fdea8b9e48e25350c36e85305539c859369d576a6f398fd84fc45d3f379c49"},
    {file = "pyfastx-1.1.0-cp36-cp36m-manylinux_2_17_aarch64.manylinux2014_aarch64.whl", hash = "sha256:929de3e30ad1422f4553788c3ec2051362fb18b8ad7457bed462c5aa1124b7f7"},
    {file = "pyfastx-1.1.0-cp36-cp36m-manylinux_2_17_i686.manylinux2014_i686.whl", hash = "sha256:f92b0cc8e1e920275ffba8559a3c19c52d7d9841b09353fcb66f8b40d2f25844"},
    {file = "pyfastx-1.1.0-cp36-cp36m-manylinux_2_17_x86_64.manylinux2014_x86_64.whl", hash = "sha256:0c21bba174fbc59d66991939efaa9a3af97dc64947122e1386d9be78a51c5411"},
    {file = "pyfastx-1.1.0-cp36-cp36m-musllinux_1_1_aarch64.whl", hash = "sha256:85a314a15949a68287b0fb4bae14aad305b8d2372c88cc25ea3420cec3ac35d7"},
    {file = "pyfastx-1.1.0-cp36-cp36m-musllinux_1_1_i686.whl", hash = "sha256:304f21a98d4098b91b4e161f140f16b993c1e151ee4a60232a09c65a79aa8c0d"},
    {file = "pyfastx-1.1.0-cp36-cp36m-musllinux_1_1_x86_64.whl", hash = "sha256:c4fde2bea59c85ff7c821ef42815681907f0772977bf1f99104bdb25c65e8cab"},
    {file = "pyfastx-1.1.0-cp36-cp36m-win32.whl", hash = "sha256:d338cb121ac45480698beb0feed1ec033418935ce709706c12f3d6466b67dcbc"},
    {file = "pyfastx-1.1.0-cp36-cp36m-win_amd64.whl", hash = "sha256:9993ab7c838e7885732ec20adbf7048786289c9ba45bb6b14f2c10d38883def3"},
    {file = "pyfastx-1.1.0-cp37-cp37m-macosx_10_9_x86_64.whl", hash = "sha256:867e74b26c2791fdf81ccac410c129edc48e880d152eaa80e7bc17a39e14fc98"},
    {file = "pyfastx-1.1.0-cp37-cp37m-manylinux_2_17_aarch64.manylinux2014_aarch64.whl", hash = "sha256:c6635bf01f657b4179a722f52049448f15934088fab30b32bec819702f20d11b"},
    {file = "pyfastx-1.1.0-cp37-cp37m-manylinux_2_17_i686.manylinux2014_i686.whl", hash = "sha256:e12fbd39240902f00e8438386a545a2d2da07138b650e73c5d006c8ffdfd2b03"},
    {file = "pyfastx-1.1.0-cp37-cp37m-manylinux_2_17_x86_64.manylinux2014_x86_64.whl", hash = "sha256:05fe0156c9cb8b2a553c8c2a13b1a85fba26681dde906c58ff00b772293d07c4"},
    {file = "pyfastx-1.1.0-cp37-cp37m-musllinux_1_1_aarch64.whl", hash = "sha256:290f555e31f3cfa118d919aa4bfed41396cfc63d8bd5c5f0c6a916c509cb2fea"},
    {file = "pyfastx-1.1.0-cp37-cp37m-musllinux_1_1_i686.whl", hash = "sha256:27780054cbc67f2d3e010e02bd24d91e19ff1c64c6f85c209db330f908845d69"},
    {file = "pyfastx-1.1.0-cp37-cp37m-musllinux_1_1_x86_64.whl", hash = "sha256:9621ed2e2420c5a93a299bd6189d2e412b8e89feebcca59abc065148655ade17"},
    {file = "pyfastx-1.1.0-cp37-cp37m-win32.whl", hash = "sha256:586ce40930f13261c953972f91e6105108aff34b9fe5f3ef0e38166ba07678eb"},
    {file = "pyfastx-1.1.0-cp37-cp37m-win_amd64.whl", hash = "sha256:08cf9a57b9a1867136ffb5ad98def17fc776a65c3a92c9fa83381aeadb4a1191"},
    {file = "pyfastx-1.1.0-cp38-cp38-macosx_10_9_universal2.whl", hash = "sha256:1ac1fa4e468dc7a76ca217d632880bea8b0ff31fdcb13c649190e24a00859325"},
    {file = "pyfastx-1.1.0-cp38-cp38-macosx_10_9_x86_64.whl", hash = "sha256:e47f690f72164eb7e9606146045db5b0975922e78921b4f46fa3e1c0c90f8c9c"},
    {file = "pyfastx-1.1.0-cp38-cp38-macosx_11_0_arm64.whl", hash = "sha256:9362df757f23c6b3de318d4b32ebb7f29f1b6a2fbcbb7816ed6cf714129f1727"},
    {file = "pyfastx-1.1.0-cp38-cp38-manylinux_2_17_aarch64.manylinux2014_aarch64.whl", hash = "sha256:a1de7185281fbebf0bd5d3de1e858893be19e8a09b146224e37396c05a291820"},
    {file = "pyfastx-1.1.0-cp38-cp38-manylinux_2_17_i686.manylinux2014_i686.whl", hash = "sha256:110e6474ae95c423d8aae78842e9989733c461f5fc52010b0caa814f674cc880"},
    {file = "pyfastx-1.1.0-cp38-cp38-manylinux_2_17_x86_64.manylinux2014_x86_64.whl", hash = "sha256:52f97d257dd9424bdeff705eb8b2f607b359ff94c40441631a19ed6d4f1d4f2c"},
    {file = "pyfastx-1.1.0-cp38-cp38-musllinux_1_1_aarch64.whl", hash = "sha256:681b187a12ac3e83b0a606fa0511c653dce372fad983d21babb4c267a1a11a29"},
    {file = "pyfastx-1.1.0-cp38-cp38-musllinux_1_1_i686.whl", hash = "sha256:85f5c7e99d10de4ac4d6a09416055d6db416f60035f411da5b1c3b65aa5c05ae"},
    {file = "pyfastx-1.1.0-cp38-cp38-musllinux_1_1_x86_64.whl", hash = "sha256:f8d0625c103b71a0425b553b938e29ee7eddbf1f89b9a05e06a5b1e16d60f08b"},
    {file = "pyfastx-1.1.0-cp38-cp38-win32.whl", hash = "sha256:23447352053963dc1d074d9636562dec5e41a5c2040abbdd5cb41de13cea50c5"},
    {file = "pyfastx-1.1.0-cp38-cp38-win_amd64.whl", hash = "sha256:e492876744493ac4420869b98a28cf0c06ada65ac46920d72c1e5f09f677e5ed"},
    {file = "pyfastx-1.1.0-cp39-cp39-macosx_10_9_universal2.whl", hash = "sha256:6da56e778a909b7c0db1143de9410b302b06abcccc0cb2d13f1ce35062396787"},
    {file = "pyfastx-1.1.0-cp39-cp39-macosx_10_9_x86_64.whl", hash = "sha256:56118f12d391a0f1676b24a868873f6059121c45646df3efddfda5b5d2d47224"},
    {file = "pyfastx-1.1.0-cp39-cp39-macosx_11_0_arm64.whl", hash = "sha256:c57c761ab5e3e377ef096b1cb5cf25156ff90674413cff04983e44fbd2678b9a"},
    {file = "pyfastx-1.1.0-cp39-cp39-manylinux_2_17_aarch64.manylinux2014_aarch64.whl", hash = "sha256:2fd2caa197e22881bb4c26da1a207a633ee1380da843385aad78596216de227a"},
    {file = "pyfastx-1.1.0-cp39-cp39-manylinux_2_17_i686.manylinux2014_i686.whl", hash = "sha256:131390e889f5a17a49c502defcfa0bc96732d107bf344de0367b3583461e1f00"},
    {file = "pyfastx-1.1.0-cp39-cp39-manylinux_2_17_x86_64.manylinux2014_x86_64.whl", hash = "sha256:e51ec2268edb8775bbf7954d78123ccd10a9e91a8b0a46e0e93aeac4e6305bed"},
    {file = "pyfastx-1.1.0-cp39-cp39-musllinux_1_1_aarch64.whl", hash = "sha256:ae53b893a5c984578b4e1bef87dfc8bc04b29da458c44de8e54a105113134c52"},
    {file = "pyfastx-1.1.0-cp39-cp39-musllinux_1_1_i686.whl", hash = "sha256:362076c7cb373e72484e8d4df963c8fef8954838f925579146eaa73ffd3e6496"},
    {file = "pyfastx-1.1.0-cp39-cp39-musllinux_1_1_x86_64.whl", hash = "sha256:6e56ed1fb02426b3a0f65bf9e8afad397399b7bb1174618dc5f9787bf2115374"},
    {file = "pyfastx-1.1.0-cp39-cp39-win32.whl", hash = "sha256:8ccfa3b4edcde605b965dbc73f331df6c72287aa653ae29617b28882cb49a889"},
    {file = "pyfastx-1.1.0-cp39-cp39-win_amd64.whl", hash = "sha256:72f15fdacd0d299613d955359343eb502b280ac76279cd63aaca5fa8563d2a20"},
    {file = "pyfastx-1.1.0.tar.gz", hash = "sha256:4a54b1fc9ce5bc3c626d598710b235a18df52e0970d37da27451fde60325b078"},
]

[[package]]
name = "pygments"
version = "2.16.1"
description = "Pygments is a syntax highlighting package written in Python."
optional = false
python-versions = ">=3.7"
files = [
    {file = "Pygments-2.16.1-py3-none-any.whl", hash = "sha256:13fc09fa63bc8d8671a6d247e1eb303c4b343eaee81d861f3404db2935653692"},
    {file = "Pygments-2.16.1.tar.gz", hash = "sha256:1daff0494820c69bc8941e407aa20f577374ee88364ee10a98fdbe0aece96e29"},
]

[package.extras]
plugins = ["importlib-metadata"]

[[package]]
name = "pytest"
version = "7.4.1"
description = "pytest: simple powerful testing with Python"
optional = false
python-versions = ">=3.7"
files = [
    {file = "pytest-7.4.1-py3-none-any.whl", hash = "sha256:460c9a59b14e27c602eb5ece2e47bec99dc5fc5f6513cf924a7d03a578991b1f"},
    {file = "pytest-7.4.1.tar.gz", hash = "sha256:2f2301e797521b23e4d2585a0a3d7b5e50fdddaaf7e7d6773ea26ddb17c213ab"},
]

[package.dependencies]
colorama = {version = "*", markers = "sys_platform == \"win32\""}
exceptiongroup = {version = ">=1.0.0rc8", markers = "python_version < \"3.11\""}
iniconfig = "*"
packaging = "*"
pluggy = ">=0.12,<2.0"
tomli = {version = ">=1.0.0", markers = "python_version < \"3.11\""}

[package.extras]
testing = ["argcomplete", "attrs (>=19.2.0)", "hypothesis (>=3.56)", "mock", "nose", "pygments (>=2.7.2)", "requests", "setuptools", "xmlschema"]

[[package]]
name = "rich"
version = "13.5.2"
description = "Render rich text, tables, progress bars, syntax highlighting, markdown and more to the terminal"
optional = false
python-versions = ">=3.7.0"
files = [
    {file = "rich-13.5.2-py3-none-any.whl", hash = "sha256:146a90b3b6b47cac4a73c12866a499e9817426423f57c5a66949c086191a8808"},
    {file = "rich-13.5.2.tar.gz", hash = "sha256:fb9d6c0a0f643c99eed3875b5377a184132ba9be4d61516a55273d3554d75a39"},
]

[package.dependencies]
markdown-it-py = ">=2.2.0"
pygments = ">=2.13.0,<3.0.0"

[package.extras]
jupyter = ["ipywidgets (>=7.5.1,<9)"]

[[package]]
name = "tomli"
version = "2.0.1"
description = "A lil' TOML parser"
optional = false
python-versions = ">=3.7"
files = [
    {file = "tomli-2.0.1-py3-none-any.whl", hash = "sha256:939de3e7a6161af0c887ef91b7d41a53e7c5a1ca976325f429cb46ea9bc30ecc"},
    {file = "tomli-2.0.1.tar.gz", hash = "sha256:de526c12914f0c550d15924c62d72abc48d6fe7364aa87328337a31007fe8a4f"},
]

[[package]]
name = "typer"
version = "0.9.0"
description = "Typer, build great CLIs. Easy to code. Based on Python type hints."
optional = false
python-versions = ">=3.6"
files = [
    {file = "typer-0.9.0-py3-none-any.whl", hash = "sha256:5d96d986a21493606a358cae4461bd8cdf83cbf33a5aa950ae629ca3b51467ee"},
    {file = "typer-0.9.0.tar.gz", hash = "sha256:50922fd79aea2f4751a8e0408ff10d2662bd0c8bbfa84755a699f3bada2978b2"},
]

[package.dependencies]
click = ">=7.1.1,<9.0.0"
typing-extensions = ">=3.7.4.3"

[package.extras]
all = ["colorama (>=0.4.3,<0.5.0)", "rich (>=10.11.0,<14.0.0)", "shellingham (>=1.3.0,<2.0.0)"]
dev = ["autoflake (>=1.3.1,<2.0.0)", "flake8 (>=3.8.3,<4.0.0)", "pre-commit (>=2.17.0,<3.0.0)"]
doc = ["cairosvg (>=2.5.2,<3.0.0)", "mdx-include (>=1.4.1,<2.0.0)", "mkdocs (>=1.1.2,<2.0.0)", "mkdocs-material (>=8.1.4,<9.0.0)", "pillow (>=9.3.0,<10.0.0)"]
test = ["black (>=22.3.0,<23.0.0)", "coverage (>=6.2,<7.0)", "isort (>=5.0.6,<6.0.0)", "mypy (==0.910)", "pytest (>=4.4.0,<8.0.0)", "pytest-cov (>=2.10.0,<5.0.0)", "pytest-sugar (>=0.9.4,<0.10.0)", "pytest-xdist (>=1.32.0,<4.0.0)", "rich (>=10.11.0,<14.0.0)", "shellingham (>=1.3.0,<2.0.0)"]

[[package]]
name = "typing-extensions"
version = "4.7.1"
description = "Backported and Experimental Type Hints for Python 3.7+"
optional = false
python-versions = ">=3.7"
files = [
    {file = "typing_extensions-4.7.1-py3-none-any.whl", hash = "sha256:440d5dd3af93b060174bf433bccd69b0babc3b15b1a8dca43789fd7f61514b36"},
    {file = "typing_extensions-4.7.1.tar.gz", hash = "sha256:b75ddc264f0ba5615db7ba217daeb99701ad295353c45f9e95963337ceeeffb2"},
]

[metadata]
lock-version = "2.0"
python-versions = "^3.9"
content-hash = "4d55e02d7dc068628e36e10533141a004d1e2633168ced2f12710b48b956b786"
